// !$*UTF8*$!
{
	archiveVersion = 1;
	classes = {
	};
	objectVersion = 46;
	objects = {

/* Begin PBXBuildFile section */
		23EFC7F91B42C3AF00BF0C9A /* AppDelegate.swift in Sources */ = {isa = PBXBuildFile; fileRef = 23EFC7F81B42C3AF00BF0C9A /* AppDelegate.swift */; };
		23EFC7FE1B42C3AF00BF0C9A /* Main.storyboard in Resources */ = {isa = PBXBuildFile; fileRef = 23EFC7FC1B42C3AF00BF0C9A /* Main.storyboard */; };
		23EFC8001B42C3AF00BF0C9A /* Images.xcassets in Resources */ = {isa = PBXBuildFile; fileRef = 23EFC7FF1B42C3AF00BF0C9A /* Images.xcassets */; };
		23EFC8031B42C3AF00BF0C9A /* LaunchScreen.xib in Resources */ = {isa = PBXBuildFile; fileRef = 23EFC8011B42C3AF00BF0C9A /* LaunchScreen.xib */; };
		23EFC80F1B42C3AF00BF0C9A /* HappinessTests.swift in Sources */ = {isa = PBXBuildFile; fileRef = 23EFC80E1B42C3AF00BF0C9A /* HappinessTests.swift */; };
		23EFC81D1B42C67100BF0C9A /* HappinessViewController.swift in Sources */ = {isa = PBXBuildFile; fileRef = 23EFC81C1B42C67100BF0C9A /* HappinessViewController.swift */; };
		23EFC81F1B42C72400BF0C9A /* FaceView.swift in Sources */ = {isa = PBXBuildFile; fileRef = 23EFC81E1B42C72400BF0C9A /* FaceView.swift */; };
/* End PBXBuildFile section */

/* Begin PBXContainerItemProxy section */
		23EFC8091B42C3AF00BF0C9A /* PBXContainerItemProxy */ = {
			isa = PBXContainerItemProxy;
			containerPortal = 23EFC7EB1B42C3AE00BF0C9A /* Project object */;
			proxyType = 1;
			remoteGlobalIDString = 23EFC7F21B42C3AF00BF0C9A;
			remoteInfo = Happiness;
		};
/* End PBXContainerItemProxy section */

/* Begin PBXFileReference section */
		23EFC7F31B42C3AF00BF0C9A /* Happiness.app */ = {isa = PBXFileReference; explicitFileType = wrapper.application; includeInIndex = 0; path = Happiness.app; sourceTree = BUILT_PRODUCTS_DIR; };
		23EFC7F71B42C3AF00BF0C9A /* Info.plist */ = {isa = PBXFileReference; lastKnownFileType = text.plist.xml; path = Info.plist; sourceTree = "<group>"; };
		23EFC7F81B42C3AF00BF0C9A /* AppDelegate.swift */ = {isa = PBXFileReference; lastKnownFileType = sourcecode.swift; path = AppDelegate.swift; sourceTree = "<group>"; };
		23EFC7FD1B42C3AF00BF0C9A /* Base */ = {isa = PBXFileReference; lastKnownFileType = file.storyboard; name = Base; path = Base.lproj/Main.storyboard; sourceTree = "<group>"; };
		23EFC7FF1B42C3AF00BF0C9A /* Images.xcassets */ = {isa = PBXFileReference; lastKnownFileType = folder.assetcatalog; path = Images.xcassets; sourceTree = "<group>"; };
		23EFC8021B42C3AF00BF0C9A /* Base */ = {isa = PBXFileReference; lastKnownFileType = file.xib; name = Base; path = Base.lproj/LaunchScreen.xib; sourceTree = "<group>"; };
		23EFC8081B42C3AF00BF0C9A /* HappinessTests.xctest */ = {isa = PBXFileReference; explicitFileType = wrapper.cfbundle; includeInIndex = 0; path = HappinessTests.xctest; sourceTree = BUILT_PRODUCTS_DIR; };
		23EFC80D1B42C3AF00BF0C9A /* Info.plist */ = {isa = PBXFileReference; lastKnownFileType = text.plist.xml; path = Info.plist; sourceTree = "<group>"; };
		23EFC80E1B42C3AF00BF0C9A /* HappinessTests.swift */ = {isa = PBXFileReference; lastKnownFileType = sourcecode.swift; path = HappinessTests.swift; sourceTree = "<group>"; };
		23EFC81C1B42C67100BF0C9A /* HappinessViewController.swift */ = {isa = PBXFileReference; fileEncoding = 4; lastKnownFileType = sourcecode.swift; path = HappinessViewController.swift; sourceTree = "<group>"; };
		23EFC81E1B42C72400BF0C9A /* FaceView.swift */ = {isa = PBXFileReference; fileEncoding = 4; lastKnownFileType = sourcecode.swift; path = FaceView.swift; sourceTree = "<group>"; };
/* End PBXFileReference section */

/* Begin PBXFrameworksBuildPhase section */
		23EFC7F01B42C3AF00BF0C9A /* Frameworks */ = {
			isa = PBXFrameworksBuildPhase;
			buildActionMask = 2147483647;
			files = (
			);
			runOnlyForDeploymentPostprocessing = 0;
		};
		23EFC8051B42C3AF00BF0C9A /* Frameworks */ = {
			isa = PBXFrameworksBuildPhase;
			buildActionMask = 2147483647;
			files = (
			);
			runOnlyForDeploymentPostprocessing = 0;
		};
/* End PBXFrameworksBuildPhase section */

/* Begin PBXGroup section */
		23EFC7EA1B42C3AE00BF0C9A = {
			isa = PBXGroup;
			children = (
				23EFC7F51B42C3AF00BF0C9A /* Happiness */,
				23EFC80B1B42C3AF00BF0C9A /* HappinessTests */,
				23EFC7F41B42C3AF00BF0C9A /* Products */,
			);
			sourceTree = "<group>";
		};
		23EFC7F41B42C3AF00BF0C9A /* Products */ = {
			isa = PBXGroup;
			children = (
				23EFC7F31B42C3AF00BF0C9A /* Happiness.app */,
				23EFC8081B42C3AF00BF0C9A /* HappinessTests.xctest */,
			);
			name = Products;
			sourceTree = "<group>";
		};
		23EFC7F51B42C3AF00BF0C9A /* Happiness */ = {
			isa = PBXGroup;
			children = (
				23EFC7FC1B42C3AF00BF0C9A /* Main.storyboard */,
				23EFC81C1B42C67100BF0C9A /* HappinessViewController.swift */,
				23EFC81E1B42C72400BF0C9A /* FaceView.swift */,
				23EFC7F61B42C3AF00BF0C9A /* Supporting Files */,
			);
			path = Happiness;
			sourceTree = "<group>";
		};
		23EFC7F61B42C3AF00BF0C9A /* Supporting Files */ = {
			isa = PBXGroup;
			children = (
				23EFC8011B42C3AF00BF0C9A /* LaunchScreen.xib */,
				23EFC7FF1B42C3AF00BF0C9A /* Images.xcassets */,
				23EFC7F81B42C3AF00BF0C9A /* AppDelegate.swift */,
				23EFC7F71B42C3AF00BF0C9A /* Info.plist */,
			);
			name = "Supporting Files";
			sourceTree = "<group>";
		};
		23EFC80B1B42C3AF00BF0C9A /* HappinessTests */ = {
			isa = PBXGroup;
			children = (
				23EFC80E1B42C3AF00BF0C9A /* HappinessTests.swift */,
				23EFC80C1B42C3AF00BF0C9A /* Supporting Files */,
			);
			path = HappinessTests;
			sourceTree = "<group>";
		};
		23EFC80C1B42C3AF00BF0C9A /* Supporting Files */ = {
			isa = PBXGroup;
			children = (
				23EFC80D1B42C3AF00BF0C9A /* Info.plist */,
			);
			name = "Supporting Files";
			sourceTree = "<group>";
		};
/* End PBXGroup section */

/* Begin PBXNativeTarget section */
		23EFC7F21B42C3AF00BF0C9A /* Happiness */ = {
			isa = PBXNativeTarget;
			buildConfigurationList = 23EFC8121B42C3AF00BF0C9A /* Build configuration list for PBXNativeTarget "Happiness" */;
			buildPhases = (
				23EFC7EF1B42C3AF00BF0C9A /* Sources */,
				23EFC7F01B42C3AF00BF0C9A /* Frameworks */,
				23EFC7F11B42C3AF00BF0C9A /* Resources */,
			);
			buildRules = (
			);
			dependencies = (
			);
			name = Happiness;
			productName = Happiness;
			productReference = 23EFC7F31B42C3AF00BF0C9A /* Happiness.app */;
			productType = "com.apple.product-type.application";
		};
		23EFC8071B42C3AF00BF0C9A /* HappinessTests */ = {
			isa = PBXNativeTarget;
			buildConfigurationList = 23EFC8151B42C3AF00BF0C9A /* Build configuration list for PBXNativeTarget "HappinessTests" */;
			buildPhases = (
				23EFC8041B42C3AF00BF0C9A /* Sources */,
				23EFC8051B42C3AF00BF0C9A /* Frameworks */,
				23EFC8061B42C3AF00BF0C9A /* Resources */,
			);
			buildRules = (
			);
			dependencies = (
				23EFC80A1B42C3AF00BF0C9A /* PBXTargetDependency */,
			);
			name = HappinessTests;
			productName = HappinessTests;
			productReference = 23EFC8081B42C3AF00BF0C9A /* HappinessTests.xctest */;
			productType = "com.apple.product-type.bundle.unit-test";
		};
/* End PBXNativeTarget section */

/* Begin PBXProject section */
		23EFC7EB1B42C3AE00BF0C9A /* Project object */ = {
			isa = PBXProject;
			attributes = {
				LastUpgradeCheck = 0630;
				ORGANIZATIONNAME = "Vinayak Srivastava";
				TargetAttributes = {
					23EFC7F21B42C3AF00BF0C9A = {
						CreatedOnToolsVersion = 6.3.2;
					};
					23EFC8071B42C3AF00BF0C9A = {
						CreatedOnToolsVersion = 6.3.2;
						TestTargetID = 23EFC7F21B42C3AF00BF0C9A;
					};
				};
			};
			buildConfigurationList = 23EFC7EE1B42C3AE00BF0C9A /* Build configuration list for PBXProject "Happiness" */;
			compatibilityVersion = "Xcode 3.2";
			developmentRegion = English;
			hasScannedForEncodings = 0;
			knownRegions = (
				en,
				Base,
			);
			mainGroup = 23EFC7EA1B42C3AE00BF0C9A;
			productRefGroup = 23EFC7F41B42C3AF00BF0C9A /* Products */;
			projectDirPath = "";
			projectRoot = "";
			targets = (
				23EFC7F21B42C3AF00BF0C9A /* Happiness */,
				23EFC8071B42C3AF00BF0C9A /* HappinessTests */,
			);
		};
/* End PBXProject section */

/* Begin PBXResourcesBuildPhase section */
		23EFC7F11B42C3AF00BF0C9A /* Resources */ = {
			isa = PBXResourcesBuildPhase;
			buildActionMask = 2147483647;
			files = (
				23EFC7FE1B42C3AF00BF0C9A /* Main.storyboard in Resources */,
				23EFC8031B42C3AF00BF0C9A /* LaunchScreen.xib in Resources */,
				23EFC8001B42C3AF00BF0C9A /* Images.xcassets in Resources */,
			);
			runOnlyForDeploymentPostprocessing = 0;
		};
		23EFC8061B42C3AF00BF0C9A /* Resources */ = {
			isa = PBXResourcesBuildPhase;
			buildActionMask = 2147483647;
			files = (
			);
			runOnlyForDeploymentPostprocessing = 0;
		};
/* End PBXResourcesBuildPhase section */

/* Begin PBXSourcesBuildPhase section */
		23EFC7EF1B42C3AF00BF0C9A /* Sources */ = {
			isa = PBXSourcesBuildPhase;
			buildActionMask = 2147483647;
			files = (
				23EFC81D1B42C67100BF0C9A /* HappinessViewController.swift in Sources */,
				23EFC7F91B42C3AF00BF0C9A /* AppDelegate.swift in Sources */,
				23EFC81F1B42C72400BF0C9A /* FaceView.swift in Sources */,
			);
			runOnlyForDeploymentPostprocessing = 0;
		};
		23EFC8041B42C3AF00BF0C9A /* Sources */ = {
			isa = PBXSourcesBuildPhase;
			buildActionMask = 2147483647;
			files = (
				23EFC80F1B42C3AF00BF0C9A /* HappinessTests.swift in Sources */,
			);
			runOnlyForDeploymentPostprocessing = 0;
		};
/* End PBXSourcesBuildPhase section */

/* Begin PBXTargetDependency section */
		23EFC80A1B42C3AF00BF0C9A /* PBXTargetDependency */ = {
			isa = PBXTargetDependency;
			target = 23EFC7F21B42C3AF00BF0C9A /* Happiness */;
			targetProxy = 23EFC8091B42C3AF00BF0C9A /* PBXContainerItemProxy */;
		};
/* End PBXTargetDependency section */

/* Begin PBXVariantGroup section */
		23EFC7FC1B42C3AF00BF0C9A /* Main.storyboard */ = {
			isa = PBXVariantGroup;
			children = (
				23EFC7FD1B42C3AF00BF0C9A /* Base */,
			);
			name = Main.storyboard;
			sourceTree = "<group>";
		};
		23EFC8011B42C3AF00BF0C9A /* LaunchScreen.xib */ = {
			isa = PBXVariantGroup;
			children = (
				23EFC8021B42C3AF00BF0C9A /* Base */,
			);
			name = LaunchScreen.xib;
			sourceTree = "<group>";
		};
/* End PBXVariantGroup section */

/* Begin XCBuildConfiguration section */
		23EFC8101B42C3AF00BF0C9A /* Debug */ = {
			isa = XCBuildConfiguration;
			buildSettings = {
				ALWAYS_SEARCH_USER_PATHS = NO;
				CLANG_CXX_LANGUAGE_STANDARD = "gnu++0x";
				CLANG_CXX_LIBRARY = "libc++";
				CLANG_ENABLE_MODULES = YES;
				CLANG_ENABLE_OBJC_ARC = YES;
				CLANG_WARN_BOOL_CONVERSION = YES;
				CLANG_WARN_CONSTANT_CONVERSION = YES;
				CLANG_WARN_DIRECT_OBJC_ISA_USAGE = YES_ERROR;
				CLANG_WARN_EMPTY_BODY = YES;
				CLANG_WARN_ENUM_CONVERSION = YES;
				CLANG_WARN_INT_CONVERSION = YES;
				CLANG_WARN_OBJC_ROOT_CLASS = YES_ERROR;
				CLANG_WARN_UNREACHABLE_CODE = YES;
				CLANG_WARN__DUPLICATE_METHOD_MATCH = YES;
				"CODE_SIGN_IDENTITY[sdk=iphoneos*]" = "iPhone Developer";
				COPY_PHASE_STRIP = NO;
				DEBUG_INFORMATION_FORMAT = "dwarf-with-dsym";
				ENABLE_STRICT_OBJC_MSGSEND = YES;
				GCC_C_LANGUAGE_STANDARD = gnu99;
				GCC_DYNAMIC_NO_PIC = NO;
				GCC_NO_COMMON_BLOCKS = YES;
				GCC_OPTIMIZATION_LEVEL = 0;
				GCC_PREPROCESSOR_DEFINITIONS = (
					"DEBUG=1",
					"$(inherited)",
				);
				GCC_SYMBOLS_PRIVATE_EXTERN = NO;
				GCC_WARN_64_TO_32_BIT_CONVERSION = YES;
				GCC_WARN_ABOUT_RETURN_TYPE = YES_ERROR;
				GCC_WARN_UNDECLARED_SELECTOR = YES;
				GCC_WARN_UNINITIALIZED_AUTOS = YES_AGGRESSIVE;
				GCC_WARN_UNUSED_FUNCTION = YES;
				GCC_WARN_UNUSED_VARIABLE = YES;
				IPHONEOS_DEPLOYMENT_TARGET = 8.3;
				MTL_ENABLE_DEBUG_INFO = YES;
				ONLY_ACTIVE_ARCH = YES;
				SDKROOT = iphoneos;
				SWIFT_OPTIMIZATION_LEVEL = "-Onone";
				TARGETED_DEVICE_FAMILY = "1,2";
			};
			name = Debug;
		};
		23EFC8111B42C3AF00BF0C9A /* Release */ = {
			isa = XCBuildConfiguration;
			buildSettings = {
				ALWAYS_SEARCH_USER_PATHS = NO;
				CLANG_CXX_LANGUAGE_STANDARD = "gnu++0x";
				CLANG_CXX_LIBRARY = "libc++";
				CLANG_ENABLE_MODULES = YES;
				CLANG_ENABLE_OBJC_ARC = YES;
				CLANG_WARN_BOOL_CONVERSION = YES;
				CLANG_WARN_CONSTANT_CONVERSION = YES;
				CLANG_WARN_DIRECT_OBJC_ISA_USAGE = YES_ERROR;
				CLANG_WARN_EMPTY_BODY = YES;
				CLANG_WARN_ENUM_CONVERSION = YES;
				CLANG_WARN_INT_CONVERSION = YES;
				CLANG_WARN_OBJC_ROOT_CLASS = YES_ERROR;
				CLANG_WARN_UNREACHABLE_CODE = YES;
				CLANG_WARN__DUPLICATE_METHOD_MATCH = YES;
				"CODE_SIGN_IDENTITY[sdk=iphoneos*]" = "iPhone Developer";
				COPY_PHASE_STRIP = NO;
				DEBUG_INFORMATION_FORMAT = "dwarf-with-dsym";
				ENABLE_NS_ASSERTIONS = NO;
				ENABLE_STRICT_OBJC_MSGSEND = YES;
				GCC_C_LANGUAGE_STANDARD = gnu99;
				GCC_NO_COMMON_BLOCKS = YES;
				GCC_WARN_64_TO_32_BIT_CONVERSION = YES;
				GCC_WARN_ABOUT_RETURN_TYPE = YES_ERROR;
				GCC_WARN_UNDECLARED_SELECTOR = YES;
				GCC_WARN_UNINITIALIZED_AUTOS = YES_AGGRESSIVE;
				GCC_WARN_UNUSED_FUNCTION = YES;
				GCC_WARN_UNUSED_VARIABLE = YES;
				IPHONEOS_DEPLOYMENT_TARGET = 8.3;
				MTL_ENABLE_DEBUG_INFO = NO;
				SDKROOT = iphoneos;
				TARGETED_DEVICE_FAMILY = "1,2";
				VALIDATE_PRODUCT = YES;
			};
			name = Release;
		};
		23EFC8131B42C3AF00BF0C9A /* Debug */ = {
			isa = XCBuildConfiguration;
			buildSettings = {
				ASSETCATALOG_COMPILER_APPICON_NAME = AppIcon;
				INFOPLIST_FILE = Happiness/Info.plist;
				LD_RUNPATH_SEARCH_PATHS = "$(inherited) @executable_path/Frameworks";
				PRODUCT_NAME = "$(TARGET_NAME)";
			};
			name = Debug;
		};
		23EFC8141B42C3AF00BF0C9A /* Release */ = {
			isa = XCBuildConfiguration;
			buildSettings = {
				ASSETCATALOG_COMPILER_APPICON_NAME = AppIcon;
				INFOPLIST_FILE = Happiness/Info.plist;
				LD_RUNPATH_SEARCH_PATHS = "$(inherited) @executable_path/Frameworks";
				PRODUCT_NAME = "$(TARGET_NAME)";
			};
			name = Release;
		};
		23EFC8161B42C3AF00BF0C9A /* Debug */ = {
			isa = XCBuildConfiguration;
			buildSettings = {
				BUNDLE_LOADER = "$(TEST_HOST)";
				FRAMEWORK_SEARCH_PATHS = (
					"$(SDKROOT)/Developer/Library/Frameworks",
					"$(inherited)",
				);
				GCC_PREPROCESSOR_DEFINITIONS = (
					"DEBUG=1",
					"$(inherited)",
				);
				INFOPLIST_FILE = HappinessTests/Info.plist;
				LD_RUNPATH_SEARCH_PATHS = "$(inherited) @executable_path/Frameworks @loader_path/Frameworks";
				PRODUCT_NAME = "$(TARGET_NAME)";
				TEST_HOST = "$(BUILT_PRODUCTS_DIR)/Happiness.app/Happiness";
			};
			name = Debug;
		};
		23EFC8171B42C3AF00BF0C9A /* Release */ = {
			isa = XCBuildConfiguration;
			buildSettings = {
				BUNDLE_LOADER = "$(TEST_HOST)";
				FRAMEWORK_SEARCH_PATHS = (
					"$(SDKROOT)/Developer/Library/Frameworks",
					"$(inherited)",
				);
				INFOPLIST_FILE = HappinessTests/Info.plist;
				LD_RUNPATH_SEARCH_PATHS = "$(inherited) @executable_path/Frameworks @loader_path/Frameworks";
				PRODUCT_NAME = "$(TARGET_NAME)";
				TEST_HOST = "$(BUILT_PRODUCTS_DIR)/Happiness.app/Happiness";
			};
			name = Release;
		};
/* End XCBuildConfiguration section */

/* Begin XCConfigurationList section */
		23EFC7EE1B42C3AE00BF0C9A /* Build configuration list for PBXProject "Happiness" */ = {
			isa = XCConfigurationList;
			buildConfigurations = (
				23EFC8101B42C3AF00BF0C9A /* Debug */,
				23EFC8111B42C3AF00BF0C9A /* Release */,
			);
			defaultConfigurationIsVisible = 0;
			defaultConfigurationName = Release;
		};
		23EFC8121B42C3AF00BF0C9A /* Build configuration list for PBXNativeTarget "Happiness" */ = {
			isa = XCConfigurationList;
			buildConfigurations = (
				23EFC8131B42C3AF00BF0C9A /* Debug */,
				23EFC8141B42C3AF00BF0C9A /* Release */,
			);
			defaultConfigurationIsVisible = 0;
		};
		23EFC8151B42C3AF00BF0C9A /* Build configuration list for PBXNativeTarget "HappinessTests" */ = {
			isa = XCConfigurationList;
			buildConfigurations = (
				23EFC8161B42C3AF00BF0C9A /* Debug */,
				23EFC8171B42C3AF00BF0C9A /* Release */,
			);
			defaultConfigurationIsVisible = 0;
		};
/* End XCConfigurationList section */
	};
	rootObject = 23EFC7EB1B42C3AE00BF0C9A /* Project object */;
}
